// !$*UTF8*$!
{
	archiveVersion = 1;
	classes = {
	};
	objectVersion = 56;
	objects = {

/* Begin PBXBuildFile section */
		4441A7D02A710C8200A0896C /* AppDelegate.swift in Sources */ = {isa = PBXBuildFile; fileRef = 4441A7CF2A710C8200A0896C /* AppDelegate.swift */; };
		4441A7D22A710C8200A0896C /* SceneDelegate.swift in Sources */ = {isa = PBXBuildFile; fileRef = 4441A7D12A710C8200A0896C /* SceneDelegate.swift */; };
		4441A7D42A710C8200A0896C /* CalculateViewController.swift in Sources */ = {isa = PBXBuildFile; fileRef = 4441A7D32A710C8200A0896C /* CalculateViewController.swift */; };
		4441A7D92A710C8400A0896C /* Assets.xcassets in Resources */ = {isa = PBXBuildFile; fileRef = 4441A7D82A710C8400A0896C /* Assets.xcassets */; };
		4441A7DC2A710C8400A0896C /* LaunchScreen.storyboard in Resources */ = {isa = PBXBuildFile; fileRef = 4441A7DA2A710C8400A0896C /* LaunchScreen.storyboard */; };
		44CB80582A71632000016E31 /* ResultViewController.swift in Sources */ = {isa = PBXBuildFile; fileRef = 44CB80572A71632000016E31 /* ResultViewController.swift */; };
		44CB805A2A71B8F600016E31 /* UIKit + Extension.swift in Sources */ = {isa = PBXBuildFile; fileRef = 44CB80592A71B8F600016E31 /* UIKit + Extension.swift */; };
		44CB805E2A71C13B00016E31 /* BMI.swift in Sources */ = {isa = PBXBuildFile; fileRef = 44CB805D2A71C13B00016E31 /* BMI.swift */; };
		44CB80602A71C23700016E31 /* CalculateBrain.swift in Sources */ = {isa = PBXBuildFile; fileRef = 44CB805F2A71C23700016E31 /* CalculateBrain.swift */; };
/* End PBXBuildFile section */

/* Begin PBXFileReference section */
		4441A7CC2A710C8200A0896C /* BMICalculate-Code.app */ = {isa = PBXFileReference; explicitFileType = wrapper.application; includeInIndex = 0; path = "BMICalculate-Code.app"; sourceTree = BUILT_PRODUCTS_DIR; };
		4441A7CF2A710C8200A0896C /* AppDelegate.swift */ = {isa = PBXFileReference; lastKnownFileType = sourcecode.swift; path = AppDelegate.swift; sourceTree = "<group>"; };
		4441A7D12A710C8200A0896C /* SceneDelegate.swift */ = {isa = PBXFileReference; lastKnownFileType = sourcecode.swift; path = SceneDelegate.swift; sourceTree = "<group>"; };
		4441A7D32A710C8200A0896C /* CalculateViewController.swift */ = {isa = PBXFileReference; lastKnownFileType = sourcecode.swift; path = CalculateViewController.swift; sourceTree = "<group>"; };
		4441A7D82A710C8400A0896C /* Assets.xcassets */ = {isa = PBXFileReference; lastKnownFileType = folder.assetcatalog; path = Assets.xcassets; sourceTree = "<group>"; };
		4441A7DB2A710C8400A0896C /* Base */ = {isa = PBXFileReference; lastKnownFileType = file.storyboard; name = Base; path = Base.lproj/LaunchScreen.storyboard; sourceTree = "<group>"; };
		4441A7DD2A710C8400A0896C /* Info.plist */ = {isa = PBXFileReference; lastKnownFileType = text.plist.xml; path = Info.plist; sourceTree = "<group>"; };
		44CB80572A71632000016E31 /* ResultViewController.swift */ = {isa = PBXFileReference; lastKnownFileType = sourcecode.swift; path = ResultViewController.swift; sourceTree = "<group>"; };
		44CB80592A71B8F600016E31 /* UIKit + Extension.swift */ = {isa = PBXFileReference; lastKnownFileType = sourcecode.swift; path = "UIKit + Extension.swift"; sourceTree = "<group>"; };
		44CB805D2A71C13B00016E31 /* BMI.swift */ = {isa = PBXFileReference; lastKnownFileType = sourcecode.swift; path = BMI.swift; sourceTree = "<group>"; };
		44CB805F2A71C23700016E31 /* CalculateBrain.swift */ = {isa = PBXFileReference; lastKnownFileType = sourcecode.swift; path = CalculateBrain.swift; sourceTree = "<group>"; };
/* End PBXFileReference section */

/* Begin PBXFrameworksBuildPhase section */
		4441A7C92A710C8200A0896C /* Frameworks */ = {
			isa = PBXFrameworksBuildPhase;
			buildActionMask = 2147483647;
			files = (
			);
			runOnlyForDeploymentPostprocessing = 0;
		};
/* End PBXFrameworksBuildPhase section */

/* Begin PBXGroup section */
		4441A7C32A710C8200A0896C = {
			isa = PBXGroup;
			children = (
				4441A7CE2A710C8200A0896C /* BMICalculate-Code */,
				4441A7CD2A710C8200A0896C /* Products */,
			);
			sourceTree = "<group>";
		};
		4441A7CD2A710C8200A0896C /* Products */ = {
			isa = PBXGroup;
			children = (
				4441A7CC2A710C8200A0896C /* BMICalculate-Code.app */,
			);
			name = Products;
			sourceTree = "<group>";
		};
		4441A7CE2A710C8200A0896C /* BMICalculate-Code */ = {
			isa = PBXGroup;
			children = (
				4441A7CF2A710C8200A0896C /* AppDelegate.swift */,
				4441A7D12A710C8200A0896C /* SceneDelegate.swift */,
				4441A7D32A710C8200A0896C /* CalculateViewController.swift */,
				44CB80572A71632000016E31 /* ResultViewController.swift */,
				4441A7DA2A710C8400A0896C /* LaunchScreen.storyboard */,
				44CB805C2A71C0EE00016E31 /* Model */,
				44CB805B2A71B94600016E31 /* Helpers */,
				4441A7D82A710C8400A0896C /* Assets.xcassets */,
				4441A7DD2A710C8400A0896C /* Info.plist */,
			);
			path = "BMICalculate-Code";
			sourceTree = "<group>";
		};
		44CB805B2A71B94600016E31 /* Helpers */ = {
			isa = PBXGroup;
			children = (
				44CB80592A71B8F600016E31 /* UIKit + Extension.swift */,
			);
			path = Helpers;
			sourceTree = "<group>";
		};
		44CB805C2A71C0EE00016E31 /* Model */ = {
			isa = PBXGroup;
			children = (
				44CB805F2A71C23700016E31 /* CalculateBrain.swift */,
				44CB805D2A71C13B00016E31 /* BMI.swift */,
			);
			path = Model;
			sourceTree = "<group>";
		};
/* End PBXGroup section */

/* Begin PBXNativeTarget section */
		4441A7CB2A710C8200A0896C /* BMICalculate-Code */ = {
			isa = PBXNativeTarget;
			buildConfigurationList = 4441A7E02A710C8400A0896C /* Build configuration list for PBXNativeTarget "BMICalculate-Code" */;
			buildPhases = (
				4441A7C82A710C8200A0896C /* Sources */,
				4441A7C92A710C8200A0896C /* Frameworks */,
				4441A7CA2A710C8200A0896C /* Resources */,
			);
			buildRules = (
			);
			dependencies = (
			);
			name = "BMICalculate-Code";
			productName = "BMICalculate-Code";
			productReference = 4441A7CC2A710C8200A0896C /* BMICalculate-Code.app */;
			productType = "com.apple.product-type.application";
		};
/* End PBXNativeTarget section */

/* Begin PBXProject section */
		4441A7C42A710C8200A0896C /* Project object */ = {
			isa = PBXProject;
			attributes = {
				BuildIndependentTargetsInParallel = 1;
				LastSwiftUpdateCheck = 1430;
				LastUpgradeCheck = 1430;
				TargetAttributes = {
					4441A7CB2A710C8200A0896C = {
						CreatedOnToolsVersion = 14.3.1;
					};
				};
			};
			buildConfigurationList = 4441A7C72A710C8200A0896C /* Build configuration list for PBXProject "BMICalculate-Code" */;
			compatibilityVersion = "Xcode 14.0";
			developmentRegion = en;
			hasScannedForEncodings = 0;
			knownRegions = (
				en,
				Base,
			);
			mainGroup = 4441A7C32A710C8200A0896C;
			productRefGroup = 4441A7CD2A710C8200A0896C /* Products */;
			projectDirPath = "";
			projectRoot = "";
			targets = (
				4441A7CB2A710C8200A0896C /* BMICalculate-Code */,
			);
		};
/* End PBXProject section */

/* Begin PBXResourcesBuildPhase section */
		4441A7CA2A710C8200A0896C /* Resources */ = {
			isa = PBXResourcesBuildPhase;
			buildActionMask = 2147483647;
			files = (
				4441A7DC2A710C8400A0896C /* LaunchScreen.storyboard in Resources */,
				4441A7D92A710C8400A0896C /* Assets.xcassets in Resources */,
			);
			runOnlyForDeploymentPostprocessing = 0;
		};
/* End PBXResourcesBuildPhase section */

/* Begin PBXSourcesBuildPhase section */
		4441A7C82A710C8200A0896C /* Sources */ = {
			isa = PBXSourcesBuildPhase;
			buildActionMask = 2147483647;
			files = (
				4441A7D42A710C8200A0896C /* CalculateViewController.swift in Sources */,
				4441A7D02A710C8200A0896C /* AppDelegate.swift in Sources */,
				4441A7D22A710C8200A0896C /* SceneDelegate.swift in Sources */,
				44CB80582A71632000016E31 /* ResultViewController.swift in Sources */,
				44CB805E2A71C13B00016E31 /* BMI.swift in Sources */,
				44CB805A2A71B8F600016E31 /* UIKit + Extension.swift in Sources */,
				44CB80602A71C23700016E31 /* CalculateBrain.swift in Sources */,
			);
			runOnlyForDeploymentPostprocessing = 0;
		};
/* End PBXSourcesBuildPhase section */

/* Begin PBXVariantGroup section */
		4441A7DA2A710C8400A0896C /* LaunchScreen.storyboard */ = {
			isa = PBXVariantGroup;
			children = (
				4441A7DB2A710C8400A0896C /* Base */,
			);
			name = LaunchScreen.storyboard;
			sourceTree = "<group>";
		};
/* End PBXVariantGroup section */

/* Begin XCBuildConfiguration section */
		4441A7DE2A710C8400A0896C /* Debug */ = {
			isa = XCBuildConfiguration;
			buildSettings = {
				ALWAYS_SEARCH_USER_PATHS = NO;
				CLANG_ANALYZER_NONNULL = YES;
				CLANG_ANALYZER_NUMBER_OBJECT_CONVERSION = YES_AGGRESSIVE;
				CLANG_CXX_LANGUAGE_STANDARD = "gnu++20";
				CLANG_ENABLE_MODULES = YES;
				CLANG_ENABLE_OBJC_ARC = YES;
				CLANG_ENABLE_OBJC_WEAK = YES;
				CLANG_WARN_BLOCK_CAPTURE_AUTORELEASING = YES;
				CLANG_WARN_BOOL_CONVERSION = YES;
				CLANG_WARN_COMMA = YES;
				CLANG_WARN_CONSTANT_CONVERSION = YES;
				CLANG_WARN_DEPRECATED_OBJC_IMPLEMENTATIONS = YES;
				CLANG_WARN_DIRECT_OBJC_ISA_USAGE = YES_ERROR;
				CLANG_WARN_DOCUMENTATION_COMMENTS = YES;
				CLANG_WARN_EMPTY_BODY = YES;
				CLANG_WARN_ENUM_CONVERSION = YES;
				CLANG_WARN_INFINITE_RECURSION = YES;
				CLANG_WARN_INT_CONVERSION = YES;
				CLANG_WARN_NON_LITERAL_NULL_CONVERSION = YES;
				CLANG_WARN_OBJC_IMPLICIT_RETAIN_SELF = YES;
				CLANG_WARN_OBJC_LITERAL_CONVERSION = YES;
				CLANG_WARN_OBJC_ROOT_CLASS = YES_ERROR;
				CLANG_WARN_QUOTED_INCLUDE_IN_FRAMEWORK_HEADER = YES;
				CLANG_WARN_RANGE_LOOP_ANALYSIS = YES;
				CLANG_WARN_STRICT_PROTOTYPES = YES;
				CLANG_WARN_SUSPICIOUS_MOVE = YES;
				CLANG_WARN_UNGUARDED_AVAILABILITY = YES_AGGRESSIVE;
				CLANG_WARN_UNREACHABLE_CODE = YES;
				CLANG_WARN__DUPLICATE_METHOD_MATCH = YES;
				COPY_PHASE_STRIP = NO;
				DEBUG_INFORMATION_FORMAT = dwarf;
				ENABLE_STRICT_OBJC_MSGSEND = YES;
				ENABLE_TESTABILITY = YES;
				GCC_C_LANGUAGE_STANDARD = gnu11;
				GCC_DYNAMIC_NO_PIC = NO;
				GCC_NO_COMMON_BLOCKS = YES;
				GCC_OPTIMIZATION_LEVEL = 0;
				GCC_PREPROCESSOR_DEFINITIONS = (
					"DEBUG=1",
					"$(inherited)",
				);
				GCC_WARN_64_TO_32_BIT_CONVERSION = YES;
				GCC_WARN_ABOUT_RETURN_TYPE = YES_ERROR;
				GCC_WARN_UNDECLARED_SELECTOR = YES;
				GCC_WARN_UNINITIALIZED_AUTOS = YES_AGGRESSIVE;
				GCC_WARN_UNUSED_FUNCTION = YES;
				GCC_WARN_UNUSED_VARIABLE = YES;
				IPHONEOS_DEPLOYMENT_TARGET = 16.4;
				MTL_ENABLE_DEBUG_INFO = INCLUDE_SOURCE;
				MTL_FAST_MATH = YES;
				ONLY_ACTIVE_ARCH = YES;
				SDKROOT = iphoneos;
				SWIFT_ACTIVE_COMPILATION_CONDITIONS = DEBUG;
				SWIFT_OPTIMIZATION_LEVEL = "-Onone";
			};
			name = Debug;
		};
		4441A7DF2A710C8400A0896C /* Release */ = {
			isa = XCBuildConfiguration;
			buildSettings = {
				ALWAYS_SEARCH_USER_PATHS = NO;
				CLANG_ANALYZER_NONNULL = YES;
				CLANG_ANALYZER_NUMBER_OBJECT_CONVERSION = YES_AGGRESSIVE;
				CLANG_CXX_LANGUAGE_STANDARD = "gnu++20";
				CLANG_ENABLE_MODULES = YES;
				CLANG_ENABLE_OBJC_ARC = YES;
				CLANG_ENABLE_OBJC_WEAK = YES;
				CLANG_WARN_BLOCK_CAPTURE_AUTORELEASING = YES;
				CLANG_WARN_BOOL_CONVERSION = YES;
				CLANG_WARN_COMMA = YES;
				CLANG_WARN_CONSTANT_CONVERSION = YES;
				CLANG_WARN_DEPRECATED_OBJC_IMPLEMENTATIONS = YES;
				CLANG_WARN_DIRECT_OBJC_ISA_USAGE = YES_ERROR;
				CLANG_WARN_DOCUMENTATION_COMMENTS = YES;
				CLANG_WARN_EMPTY_BODY = YES;
				CLANG_WARN_ENUM_CONVERSION = YES;
				CLANG_WARN_INFINITE_RECURSION = YES;
				CLANG_WARN_INT_CONVERSION = YES;
				CLANG_WARN_NON_LITERAL_NULL_CONVERSION = YES;
				CLANG_WARN_OBJC_IMPLICIT_RETAIN_SELF = YES;
				CLANG_WARN_OBJC_LITERAL_CONVERSION = YES;
				CLANG_WARN_OBJC_ROOT_CLASS = YES_ERROR;
				CLANG_WARN_QUOTED_INCLUDE_IN_FRAMEWORK_HEADER = YES;
				CLANG_WARN_RANGE_LOOP_ANALYSIS = YES;
				CLANG_WARN_STRICT_PROTOTYPES = YES;
				CLANG_WARN_SUSPICIOUS_MOVE = YES;
				CLANG_WARN_UNGUARDED_AVAILABILITY = YES_AGGRESSIVE;
				CLANG_WARN_UNREACHABLE_CODE = YES;
				CLANG_WARN__DUPLICATE_METHOD_MATCH = YES;
				COPY_PHASE_STRIP = NO;
				DEBUG_INFORMATION_FORMAT = "dwarf-with-dsym";
				ENABLE_NS_ASSERTIONS = NO;
				ENABLE_STRICT_OBJC_MSGSEND = YES;
				GCC_C_LANGUAGE_STANDARD = gnu11;
				GCC_NO_COMMON_BLOCKS = YES;
				GCC_WARN_64_TO_32_BIT_CONVERSION = YES;
				GCC_WARN_ABOUT_RETURN_TYPE = YES_ERROR;
				GCC_WARN_UNDECLARED_SELECTOR = YES;
				GCC_WARN_UNINITIALIZED_AUTOS = YES_AGGRESSIVE;
				GCC_WARN_UNUSED_FUNCTION = YES;
				GCC_WARN_UNUSED_VARIABLE = YES;
				IPHONEOS_DEPLOYMENT_TARGET = 16.4;
				MTL_ENABLE_DEBUG_INFO = NO;
				MTL_FAST_MATH = YES;
				SDKROOT = iphoneos;
				SWIFT_COMPILATION_MODE = wholemodule;
				SWIFT_OPTIMIZATION_LEVEL = "-O";
				VALIDATE_PRODUCT = YES;
			};
			name = Release;
		};
		4441A7E12A710C8400A0896C /* Debug */ = {
			isa = XCBuildConfiguration;
			buildSettings = {
				ASSETCATALOG_COMPILER_APPICON_NAME = AppIcon;
				ASSETCATALOG_COMPILER_GLOBAL_ACCENT_COLOR_NAME = AccentColor;
				CODE_SIGN_STYLE = Automatic;
				CURRENT_PROJECT_VERSION = 1;
				DEVELOPMENT_TEAM = 7ULD8P3K3C;
				GENERATE_INFOPLIST_FILE = YES;
				INFOPLIST_FILE = "BMICalculate-Code/Info.plist";
				INFOPLIST_KEY_UIApplicationSupportsIndirectInputEvents = YES;
				INFOPLIST_KEY_UILaunchStoryboardName = LaunchScreen;
				INFOPLIST_KEY_UISupportedInterfaceOrientations_iPad = "UIInterfaceOrientationPortrait UIInterfaceOrientationPortraitUpsideDown UIInterfaceOrientationLandscapeLeft UIInterfaceOrientationLandscapeRight";
				INFOPLIST_KEY_UISupportedInterfaceOrientations_iPhone = "UIInterfaceOrientationPortrait UIInterfaceOrientationLandscapeLeft UIInterfaceOrientationLandscapeRight";
				LD_RUNPATH_SEARCH_PATHS = (
					"$(inherited)",
					"@executable_path/Frameworks",
				);
				MARKETING_VERSION = 1.0;
				PRODUCT_BUNDLE_IDENTIFIER = "com.Danila.BMICalculate-Code";
				PRODUCT_NAME = "$(TARGET_NAME)";
				SWIFT_EMIT_LOC_STRINGS = YES;
				SWIFT_VERSION = 5.0;
				TARGETED_DEVICE_FAMILY = "1,2";
			};
			name = Debug;
		};
		4441A7E22A710C8400A0896C /* Release */ = {
			isa = XCBuildConfiguration;
			buildSettings = {
				ASSETCATALOG_COMPILER_APPICON_NAME = AppIcon;
				ASSETCATALOG_COMPILER_GLOBAL_ACCENT_COLOR_NAME = AccentColor;
				CODE_SIGN_STYLE = Automatic;
				CURRENT_PROJECT_VERSION = 1;
				DEVELOPMENT_TEAM = 7ULD8P3K3C;
				GENERATE_INFOPLIST_FILE = YES;
				INFOPLIST_FILE = "BMICalculate-Code/Info.plist";
				INFOPLIST_KEY_UIApplicationSupportsIndirectInputEvents = YES;
				INFOPLIST_KEY_UILaunchStoryboardName = LaunchScreen;
				INFOPLIST_KEY_UISupportedInterfaceOrientations_iPad = "UIInterfaceOrientationPortrait UIInterfaceOrientationPortraitUpsideDown UIInterfaceOrientationLandscapeLeft UIInterfaceOrientationLandscapeRight";
				INFOPLIST_KEY_UISupportedInterfaceOrientations_iPhone = "UIInterfaceOrientationPortrait UIInterfaceOrientationLandscapeLeft UIInterfaceOrientationLandscapeRight";
				LD_RUNPATH_SEARCH_PATHS = (
					"$(inherited)",
					"@executable_path/Frameworks",
				);
				MARKETING_VERSION = 1.0;
				PRODUCT_BUNDLE_IDENTIFIER = "com.Danila.BMICalculate-Code";
				PRODUCT_NAME = "$(TARGET_NAME)";
				SWIFT_EMIT_LOC_STRINGS = YES;
				SWIFT_VERSION = 5.0;
				TARGETED_DEVICE_FAMILY = "1,2";
			};
			name = Release;
		};
/* End XCBuildConfiguration section */

/* Begin XCConfigurationList section */
		4441A7C72A710C8200A0896C /* Build configuration list for PBXProject "BMICalculate-Code" */ = {
			isa = XCConfigurationList;
			buildConfigurations = (
				4441A7DE2A710C8400A0896C /* Debug */,
				4441A7DF2A710C8400A0896C /* Release */,
			);
			defaultConfigurationIsVisible = 0;
			defaultConfigurationName = Release;
		};
		4441A7E02A710C8400A0896C /* Build configuration list for PBXNativeTarget "BMICalculate-Code" */ = {
			isa = XCConfigurationList;
			buildConfigurations = (
				4441A7E12A710C8400A0896C /* Debug */,
				4441A7E22A710C8400A0896C /* Release */,
			);
			defaultConfigurationIsVisible = 0;
			defaultConfigurationName = Release;
		};
/* End XCConfigurationList section */
	};
	rootObject = 4441A7C42A710C8200A0896C /* Project object */;
}
